
Microsoft Visual Studio Solution File, Format Version 12.00
# Visual Studio Version 17
VisualStudioVersion = 17.4.33205.214
MinimumVisualStudioVersion = 10.0.40219.1
Project("{FAE04EC0-301F-11D3-BF4B-00C04F79EFBC}") = "Challenge.Core", "Challenge.Core\Challenge.Core.csproj", "{978C9E5A-2A8B-4A6C-BFCC-67EE9F218F0B}"
EndProject
Project("{FAE04EC0-301F-11D3-BF4B-00C04F79EFBC}") = "Challenge.Core.Tests", "Challenge.Core.Tests\Challenge.Core.Tests.csproj", "{98B7DA16-A167-4342-851F-6917B28A423C}"
EndProject
Project("{FAE04EC0-301F-11D3-BF4B-00C04F79EFBC}") = "Challenge.Program", "Challenge.Program\Challenge.Program.csproj", "{57900AF5-6A87-4477-AD8B-0757B5106508}"
EndProject
Global
	GlobalSection(SolutionConfigurationPlatforms) = preSolution
		Debug|Any CPU = Debug|Any CPU
		Release|Any CPU = Release|Any CPU
	EndGlobalSection
	GlobalSection(ProjectConfigurationPlatforms) = postSolution
		{978C9E5A-2A8B-4A6C-BFCC-67EE9F218F0B}.Debug|Any CPU.ActiveCfg = Debug|Any CPU
		{978C9E5A-2A8B-4A6C-BFCC-67EE9F218F0B}.Debug|Any CPU.Build.0 = Debug|Any CPU
		{978C9E5A-2A8B-4A6C-BFCC-67EE9F218F0B}.Release|Any CPU.ActiveCfg = Release|Any CPU
		{978C9E5A-2A8B-4A6C-BFCC-67EE9F218F0B}.Release|Any CPU.Build.0 = Release|Any CPU
		{98B7DA16-A167-4342-851F-6917B28A423C}.Debug|Any CPU.ActiveCfg = Debug|Any CPU
		{98B7DA16-A167-4342-851F-6917B28A423C}.Debug|Any CPU.Build.0 = Debug|Any CPU
		{98B7DA16-A167-4342-851F-6917B28A423C}.Release|Any CPU.ActiveCfg = Release|Any CPU
		{98B7DA16-A167-4342-851F-6917B28A423C}.Release|Any CPU.Build.0 = Release|Any CPU
		{57900AF5-6A87-4477-AD8B-0757B5106508}.Debug|Any CPU.ActiveCfg = Debug|Any CPU
		{57900AF5-6A87-4477-AD8B-0757B5106508}.Debug|Any CPU.Build.0 = Debug|Any CPU
		{57900AF5-6A87-4477-AD8B-0757B5106508}.Release|Any CPU.ActiveCfg = Release|Any CPU
		{57900AF5-6A87-4477-AD8B-0757B5106508}.Release|Any CPU.Build.0 = Release|Any CPU
	EndGlobalSection
	GlobalSection(SolutionProperties) = preSolution
		HideSolutionNode = FALSE
	EndGlobalSection
	GlobalSection(ExtensibilityGlobals) = postSolution
		SolutionGuid = {D96C2C8C-D840-44F3-AEC8-1E305B11EC28}
	EndGlobalSection
EndGlobal
